
Microsoft Visual Studio Solution File, Format Version 12.00
# Visual Studio Version 16
VisualStudioVersion = 16.0.30523.141
MinimumVisualStudioVersion = 10.0.40219.1
Project("{FAE04EC0-301F-11D3-BF4B-00C04F79EFBC}") = "Lecture_ThreadRssDemo", "Lecture_ThreadRssDemo\Lecture_ThreadRssDemo.csproj", "{35BD60E2-4A61-4396-9B6F-C189DDE5D3A0}"
EndProject
Project("{FAE04EC0-301F-11D3-BF4B-00C04F79EFBC}") = "Practice_Downloader", "Practice_Downloader\Practice_Downloader.csproj", "{3C2FFECD-0126-4301-A3E4-EA3C8C352260}"
EndProject
Project("{FAE04EC0-301F-11D3-BF4B-00C04F79EFBC}") = "Practice_FolderTest", "Practice_FolderTest\Practice_FolderTest.csproj", "{1BBEE7CF-11EB-4E92-8B5A-27A4D52B9653}"
EndProject
Global
	GlobalSection(SolutionConfigurationPlatforms) = preSolution
		Debug|Any CPU = Debug|Any CPU
		Release|Any CPU = Release|Any CPU
	EndGlobalSection
	GlobalSection(ProjectConfigurationPlatforms) = postSolution
		{35BD60E2-4A61-4396-9B6F-C189DDE5D3A0}.Debug|Any CPU.ActiveCfg = Debug|Any CPU
		{35BD60E2-4A61-4396-9B6F-C189DDE5D3A0}.Debug|Any CPU.Build.0 = Debug|Any CPU
		{35BD60E2-4A61-4396-9B6F-C189DDE5D3A0}.Release|Any CPU.ActiveCfg = Release|Any CPU
		{35BD60E2-4A61-4396-9B6F-C189DDE5D3A0}.Release|Any CPU.Build.0 = Release|Any CPU
		{3C2FFECD-0126-4301-A3E4-EA3C8C352260}.Debug|Any CPU.ActiveCfg = Debug|Any CPU
		{3C2FFECD-0126-4301-A3E4-EA3C8C352260}.Debug|Any CPU.Build.0 = Debug|Any CPU
		{3C2FFECD-0126-4301-A3E4-EA3C8C352260}.Release|Any CPU.ActiveCfg = Release|Any CPU
		{3C2FFECD-0126-4301-A3E4-EA3C8C352260}.Release|Any CPU.Build.0 = Release|Any CPU
		{1BBEE7CF-11EB-4E92-8B5A-27A4D52B9653}.Debug|Any CPU.ActiveCfg = Debug|Any CPU
		{1BBEE7CF-11EB-4E92-8B5A-27A4D52B9653}.Debug|Any CPU.Build.0 = Debug|Any CPU
		{1BBEE7CF-11EB-4E92-8B5A-27A4D52B9653}.Release|Any CPU.ActiveCfg = Release|Any CPU
		{1BBEE7CF-11EB-4E92-8B5A-27A4D52B9653}.Release|Any CPU.Build.0 = Release|Any CPU
	EndGlobalSection
	GlobalSection(SolutionProperties) = preSolution
		HideSolutionNode = FALSE
	EndGlobalSection
	GlobalSection(ExtensibilityGlobals) = postSolution
		SolutionGuid = {C0125368-8692-4A09-9113-CE90D1C4163A}
	EndGlobalSection
EndGlobal
