
Microsoft Visual Studio Solution File, Format Version 12.00
# Visual Studio Version 16
VisualStudioVersion = 16.0.30320.27
MinimumVisualStudioVersion = 10.0.40219.1
Project("{FAE04EC0-301F-11D3-BF4B-00C04F79EFBC}") = "Lecture_SqlFirst_EmpDept", "Lecture_SqlFirst_EmpDept\Lecture_SqlFirst_EmpDept.csproj", "{00908B8E-4207-4D58-8EB9-3657D3227842}"
EndProject
Project("{FAE04EC0-301F-11D3-BF4B-00C04F79EFBC}") = "Practice_CodeFirst_BrandsCars", "Practice_CodeFirst_BrandsCars\Practice_CodeFirst_BrandsCars.csproj", "{FFC2A36F-7D0E-4839-AEA0-08ADDA8B1CD9}"
EndProject
Global
	GlobalSection(SolutionConfigurationPlatforms) = preSolution
		Debug|Any CPU = Debug|Any CPU
		Release|Any CPU = Release|Any CPU
	EndGlobalSection
	GlobalSection(ProjectConfigurationPlatforms) = postSolution
		{00908B8E-4207-4D58-8EB9-3657D3227842}.Debug|Any CPU.ActiveCfg = Debug|Any CPU
		{00908B8E-4207-4D58-8EB9-3657D3227842}.Debug|Any CPU.Build.0 = Debug|Any CPU
		{00908B8E-4207-4D58-8EB9-3657D3227842}.Release|Any CPU.ActiveCfg = Release|Any CPU
		{00908B8E-4207-4D58-8EB9-3657D3227842}.Release|Any CPU.Build.0 = Release|Any CPU
		{FFC2A36F-7D0E-4839-AEA0-08ADDA8B1CD9}.Debug|Any CPU.ActiveCfg = Debug|Any CPU
		{FFC2A36F-7D0E-4839-AEA0-08ADDA8B1CD9}.Debug|Any CPU.Build.0 = Debug|Any CPU
		{FFC2A36F-7D0E-4839-AEA0-08ADDA8B1CD9}.Release|Any CPU.ActiveCfg = Release|Any CPU
		{FFC2A36F-7D0E-4839-AEA0-08ADDA8B1CD9}.Release|Any CPU.Build.0 = Release|Any CPU
	EndGlobalSection
	GlobalSection(SolutionProperties) = preSolution
		HideSolutionNode = FALSE
	EndGlobalSection
	GlobalSection(ExtensibilityGlobals) = postSolution
		SolutionGuid = {3CF27ED8-4379-4A6C-930D-1DBDF9F187A6}
	EndGlobalSection
EndGlobal
