
Microsoft Visual Studio Solution File, Format Version 12.00
# Visual Studio Version 16
VisualStudioVersion = 16.0.30320.27
MinimumVisualStudioVersion = 10.0.40219.1
Project("{FAE04EC0-301F-11D3-BF4B-00C04F79EFBC}") = "Lecture_Logger", "Lecture_Logger\Lecture_Logger.csproj", "{AA7973E1-3771-4296-BC3D-2A3B75B88D10}"
EndProject
Project("{FAE04EC0-301F-11D3-BF4B-00C04F79EFBC}") = "Practice_Feedbacks", "Practice_Feedbacks\Practice_Feedbacks.csproj", "{2540F5B9-3F9B-4110-876A-F71B2E3B8210}"
EndProject
Global
	GlobalSection(SolutionConfigurationPlatforms) = preSolution
		Debug|Any CPU = Debug|Any CPU
		Release|Any CPU = Release|Any CPU
	EndGlobalSection
	GlobalSection(ProjectConfigurationPlatforms) = postSolution
		{AA7973E1-3771-4296-BC3D-2A3B75B88D10}.Debug|Any CPU.ActiveCfg = Debug|Any CPU
		{AA7973E1-3771-4296-BC3D-2A3B75B88D10}.Debug|Any CPU.Build.0 = Debug|Any CPU
		{AA7973E1-3771-4296-BC3D-2A3B75B88D10}.Release|Any CPU.ActiveCfg = Release|Any CPU
		{AA7973E1-3771-4296-BC3D-2A3B75B88D10}.Release|Any CPU.Build.0 = Release|Any CPU
		{2540F5B9-3F9B-4110-876A-F71B2E3B8210}.Debug|Any CPU.ActiveCfg = Debug|Any CPU
		{2540F5B9-3F9B-4110-876A-F71B2E3B8210}.Debug|Any CPU.Build.0 = Debug|Any CPU
		{2540F5B9-3F9B-4110-876A-F71B2E3B8210}.Release|Any CPU.ActiveCfg = Release|Any CPU
		{2540F5B9-3F9B-4110-876A-F71B2E3B8210}.Release|Any CPU.Build.0 = Release|Any CPU
	EndGlobalSection
	GlobalSection(SolutionProperties) = preSolution
		HideSolutionNode = FALSE
	EndGlobalSection
	GlobalSection(ExtensibilityGlobals) = postSolution
		SolutionGuid = {6D3319BB-4808-4439-B954-9E16A68856B6}
	EndGlobalSection
EndGlobal
