
Microsoft Visual Studio Solution File, Format Version 12.00
# Visual Studio Version 16
VisualStudioVersion = 16.0.30523.141
MinimumVisualStudioVersion = 10.0.40219.1
Project("{FAE04EC0-301F-11D3-BF4B-00C04F79EFBC}") = "Zh.Program", "Zh.Program\Zh.Program.csproj", "{00F2D987-F994-45A6-85AF-11DDB639EDCD}"
EndProject
Project("{FAE04EC0-301F-11D3-BF4B-00C04F79EFBC}") = "Zh.Utils", "Zh.Utils\Zh.Utils.csproj", "{5CC6C5A3-1C66-471A-9EE5-9057907F5AD9}"
EndProject
Project("{FAE04EC0-301F-11D3-BF4B-00C04F79EFBC}") = "Zh.Db", "Zh.Db\Zh.Db.csproj", "{7C9C7621-8FC2-4ED3-86E3-37CF67AAD359}"
EndProject
Global
	GlobalSection(SolutionConfigurationPlatforms) = preSolution
		Debug|Any CPU = Debug|Any CPU
		Release|Any CPU = Release|Any CPU
	EndGlobalSection
	GlobalSection(ProjectConfigurationPlatforms) = postSolution
		{00F2D987-F994-45A6-85AF-11DDB639EDCD}.Debug|Any CPU.ActiveCfg = Debug|Any CPU
		{00F2D987-F994-45A6-85AF-11DDB639EDCD}.Debug|Any CPU.Build.0 = Debug|Any CPU
		{00F2D987-F994-45A6-85AF-11DDB639EDCD}.Release|Any CPU.ActiveCfg = Release|Any CPU
		{00F2D987-F994-45A6-85AF-11DDB639EDCD}.Release|Any CPU.Build.0 = Release|Any CPU
		{5CC6C5A3-1C66-471A-9EE5-9057907F5AD9}.Debug|Any CPU.ActiveCfg = Debug|Any CPU
		{5CC6C5A3-1C66-471A-9EE5-9057907F5AD9}.Debug|Any CPU.Build.0 = Debug|Any CPU
		{5CC6C5A3-1C66-471A-9EE5-9057907F5AD9}.Release|Any CPU.ActiveCfg = Release|Any CPU
		{5CC6C5A3-1C66-471A-9EE5-9057907F5AD9}.Release|Any CPU.Build.0 = Release|Any CPU
		{7C9C7621-8FC2-4ED3-86E3-37CF67AAD359}.Debug|Any CPU.ActiveCfg = Debug|Any CPU
		{7C9C7621-8FC2-4ED3-86E3-37CF67AAD359}.Debug|Any CPU.Build.0 = Debug|Any CPU
		{7C9C7621-8FC2-4ED3-86E3-37CF67AAD359}.Release|Any CPU.ActiveCfg = Release|Any CPU
		{7C9C7621-8FC2-4ED3-86E3-37CF67AAD359}.Release|Any CPU.Build.0 = Release|Any CPU
	EndGlobalSection
	GlobalSection(SolutionProperties) = preSolution
		HideSolutionNode = FALSE
	EndGlobalSection
	GlobalSection(ExtensibilityGlobals) = postSolution
		SolutionGuid = {F77E0F25-6BA5-49F4-97C4-987B0F8469B9}
	EndGlobalSection
EndGlobal
